
Microsoft Visual Studio Solution File, Format Version 12.00
# Visual Studio Version 16
VisualStudioVersion = 16.0.30404.54
MinimumVisualStudioVersion = 10.0.40219.1
Project("{9A19103F-16F7-4668-BE54-9A1E7A4F7556}") = "repo-tool", "repo-tool\repo-tool.csproj", "{70E4B988-439F-4E67-BB40-5999B5300846}"
EndProject
Project("{9A19103F-16F7-4668-BE54-9A1E7A4F7556}") = "repo-client", "repo-client\repo-client.csproj", "{3411CADE-9907-4B52-A1F8-7BA125CA2126}"
EndProject
Global
	GlobalSection(SolutionConfigurationPlatforms) = preSolution
		Debug|Any CPU = Debug|Any CPU
		Release|Any CPU = Release|Any CPU
	EndGlobalSection
	GlobalSection(ProjectConfigurationPlatforms) = postSolution
		{70E4B988-439F-4E67-BB40-5999B5300846}.Debug|Any CPU.ActiveCfg = Debug|Any CPU
		{70E4B988-439F-4E67-BB40-5999B5300846}.Debug|Any CPU.Build.0 = Debug|Any CPU
		{70E4B988-439F-4E67-BB40-5999B5300846}.Release|Any CPU.ActiveCfg = Release|Any CPU
		{70E4B988-439F-4E67-BB40-5999B5300846}.Release|Any CPU.Build.0 = Release|Any CPU
		{3411CADE-9907-4B52-A1F8-7BA125CA2126}.Debug|Any CPU.ActiveCfg = Debug|Any CPU
		{3411CADE-9907-4B52-A1F8-7BA125CA2126}.Debug|Any CPU.Build.0 = Debug|Any CPU
		{3411CADE-9907-4B52-A1F8-7BA125CA2126}.Release|Any CPU.ActiveCfg = Release|Any CPU
		{3411CADE-9907-4B52-A1F8-7BA125CA2126}.Release|Any CPU.Build.0 = Release|Any CPU
	EndGlobalSection
	GlobalSection(SolutionProperties) = preSolution
		HideSolutionNode = FALSE
	EndGlobalSection
	GlobalSection(ExtensibilityGlobals) = postSolution
		SolutionGuid = {FBCCEC82-32ED-4E94-BDA4-48805D368D39}
	EndGlobalSection
EndGlobal
